
Microsoft Visual Studio Solution File, Format Version 12.00
# Visual Studio Version 17
VisualStudioVersion = 17.2.32630.192
MinimumVisualStudioVersion = 10.0.40219.1
Project("{9A19103F-16F7-4668-BE54-9A1E7A4F7556}") = "DependencyInjectionLambda", "LambdaAnnotations\DependencyInjectionLambda\DependencyInjectionLambda.csproj", "{75D0BEEB-6EFF-4B90-A0BD-E8E71E9EC923}"
EndProject
Project("{9A19103F-16F7-4668-BE54-9A1E7A4F7556}") = "RestApiLambda", "LambdaAnnotations\RestApiLambda\RestApiLambda.csproj", "{2016864F-3066-4C17-9AA6-696E4808F6AC}"
EndProject
Project("{9A19103F-16F7-4668-BE54-9A1E7A4F7556}") = "KinesisProducerLambda", "DataStreaming\KinesisProducerConsumer\KinesisProducerLambda\KinesisProducerLambda.csproj", "{EA6E800E-9CF5-4083-80E9-28AC3B2BDDA2}"
EndProject
Project("{2150E333-8FDC-42A3-9474-1A3956D46DE8}") = "DataStreaming", "DataStreaming", "{02EDB3A4-E2C8-439D-98A0-F57FD8AAF905}"
EndProject
Project("{2150E333-8FDC-42A3-9474-1A3956D46DE8}") = "KinesisProducerConsumer", "KinesisProducerConsumer", "{AF34C55F-2985-476C-8F95-4C664D989BDD}"
EndProject
Project("{2150E333-8FDC-42A3-9474-1A3956D46DE8}") = "LambdaAnnotations", "LambdaAnnotations", "{D1EF4FDB-92D3-4017-87C4-38EA7E5B1D8F}"
EndProject
Project("{9A19103F-16F7-4668-BE54-9A1E7A4F7556}") = "KinesisConsumerLambda", "DataStreaming\KinesisProducerConsumer\KinesisConsumerLambda\KinesisConsumerLambda.csproj", "{7EF901E2-C202-4D7B-B1C0-05BC3564A390}"
EndProject
Project("{FAE04EC0-301F-11D3-BF4B-00C04F79EFBC}") = "Utils", "Utils\Utils.csproj", "{ABE081F3-64EC-4248-B237-B7FFE8688808}"
EndProject
Global
	GlobalSection(SolutionConfigurationPlatforms) = preSolution
		Debug|Any CPU = Debug|Any CPU
		Release|Any CPU = Release|Any CPU
	EndGlobalSection
	GlobalSection(ProjectConfigurationPlatforms) = postSolution
		{75D0BEEB-6EFF-4B90-A0BD-E8E71E9EC923}.Debug|Any CPU.ActiveCfg = Debug|Any CPU
		{75D0BEEB-6EFF-4B90-A0BD-E8E71E9EC923}.Debug|Any CPU.Build.0 = Debug|Any CPU
		{75D0BEEB-6EFF-4B90-A0BD-E8E71E9EC923}.Release|Any CPU.ActiveCfg = Release|Any CPU
		{75D0BEEB-6EFF-4B90-A0BD-E8E71E9EC923}.Release|Any CPU.Build.0 = Release|Any CPU
		{2016864F-3066-4C17-9AA6-696E4808F6AC}.Debug|Any CPU.ActiveCfg = Debug|Any CPU
		{2016864F-3066-4C17-9AA6-696E4808F6AC}.Debug|Any CPU.Build.0 = Debug|Any CPU
		{2016864F-3066-4C17-9AA6-696E4808F6AC}.Release|Any CPU.ActiveCfg = Release|Any CPU
		{2016864F-3066-4C17-9AA6-696E4808F6AC}.Release|Any CPU.Build.0 = Release|Any CPU
		{EA6E800E-9CF5-4083-80E9-28AC3B2BDDA2}.Debug|Any CPU.ActiveCfg = Debug|Any CPU
		{EA6E800E-9CF5-4083-80E9-28AC3B2BDDA2}.Debug|Any CPU.Build.0 = Debug|Any CPU
		{EA6E800E-9CF5-4083-80E9-28AC3B2BDDA2}.Release|Any CPU.ActiveCfg = Release|Any CPU
		{EA6E800E-9CF5-4083-80E9-28AC3B2BDDA2}.Release|Any CPU.Build.0 = Release|Any CPU
		{7EF901E2-C202-4D7B-B1C0-05BC3564A390}.Debug|Any CPU.ActiveCfg = Debug|Any CPU
		{7EF901E2-C202-4D7B-B1C0-05BC3564A390}.Debug|Any CPU.Build.0 = Debug|Any CPU
		{7EF901E2-C202-4D7B-B1C0-05BC3564A390}.Release|Any CPU.ActiveCfg = Release|Any CPU
		{7EF901E2-C202-4D7B-B1C0-05BC3564A390}.Release|Any CPU.Build.0 = Release|Any CPU
		{ABE081F3-64EC-4248-B237-B7FFE8688808}.Debug|Any CPU.ActiveCfg = Debug|Any CPU
		{ABE081F3-64EC-4248-B237-B7FFE8688808}.Debug|Any CPU.Build.0 = Debug|Any CPU
		{ABE081F3-64EC-4248-B237-B7FFE8688808}.Release|Any CPU.ActiveCfg = Release|Any CPU
		{ABE081F3-64EC-4248-B237-B7FFE8688808}.Release|Any CPU.Build.0 = Release|Any CPU
	EndGlobalSection
	GlobalSection(SolutionProperties) = preSolution
		HideSolutionNode = FALSE
	EndGlobalSection
	GlobalSection(NestedProjects) = preSolution
		{75D0BEEB-6EFF-4B90-A0BD-E8E71E9EC923} = {D1EF4FDB-92D3-4017-87C4-38EA7E5B1D8F}
		{2016864F-3066-4C17-9AA6-696E4808F6AC} = {D1EF4FDB-92D3-4017-87C4-38EA7E5B1D8F}
		{EA6E800E-9CF5-4083-80E9-28AC3B2BDDA2} = {AF34C55F-2985-476C-8F95-4C664D989BDD}
		{AF34C55F-2985-476C-8F95-4C664D989BDD} = {02EDB3A4-E2C8-439D-98A0-F57FD8AAF905}
		{7EF901E2-C202-4D7B-B1C0-05BC3564A390} = {AF34C55F-2985-476C-8F95-4C664D989BDD}
		{ABE081F3-64EC-4248-B237-B7FFE8688808} = {AF34C55F-2985-476C-8F95-4C664D989BDD}
	EndGlobalSection
	GlobalSection(ExtensibilityGlobals) = postSolution
		SolutionGuid = {4C2F9973-0793-4176-B57D-BE63B5E7F165}
	EndGlobalSection
EndGlobal
